
Microsoft Visual Studio Solution File, Format Version 12.00
# Visual Studio Version 16
VisualStudioVersion = 16.0.31402.337
MinimumVisualStudioVersion = 10.0.40219.1
Project("{FAE04EC0-301F-11D3-BF4B-00C04F79EFBC}") = "Series", "Series\Series.csproj", "{03A09494-2344-4C4C-AC3E-0E4A324CEB6D}"
EndProject
Global
	GlobalSection(SolutionConfigurationPlatforms) = preSolution
		Debug|Any CPU = Debug|Any CPU
		Release|Any CPU = Release|Any CPU
	EndGlobalSection
	GlobalSection(ProjectConfigurationPlatforms) = postSolution
		{03A09494-2344-4C4C-AC3E-0E4A324CEB6D}.Debug|Any CPU.ActiveCfg = Debug|Any CPU
		{03A09494-2344-4C4C-AC3E-0E4A324CEB6D}.Debug|Any CPU.Build.0 = Debug|Any CPU
		{03A09494-2344-4C4C-AC3E-0E4A324CEB6D}.Release|Any CPU.ActiveCfg = Release|Any CPU
		{03A09494-2344-4C4C-AC3E-0E4A324CEB6D}.Release|Any CPU.Build.0 = Release|Any CPU
	EndGlobalSection
	GlobalSection(SolutionProperties) = preSolution
		HideSolutionNode = FALSE
	EndGlobalSection
	GlobalSection(ExtensibilityGlobals) = postSolution
		SolutionGuid = {6E3E8BE6-29CB-4450-B367-A6BE03DA95C4}
	EndGlobalSection
EndGlobal
